{
    "_readme": [
        "This file locks the dependencies of your project to a known state",
        "Read more about it at https://getcomposer.org/doc/01-basic-usage.md#composer-lock-the-lock-file",
        "This file is @generated automatically"
    ],
    "content-hash": "574f234c08845e27f705af96ebb9688c",
    "packages": [
        {
            "name": "jaypha/j-plate",
            "version": "v1.0.0",
            "source": {
                "type": "git",
                "url": "https://github.com/jaypha/j-plate.git",
                "reference": "d98d6e678dcf45f070cc12fa37da0123ecff3f72"
            },
            "dist": {
                "type": "zip",
                "url": "https://api.github.com/repos/jaypha/j-plate/zipball/d98d6e678dcf45f070cc12fa37da0123ecff3f72",
                "reference": "d98d6e678dcf45f070cc12fa37da0123ecff3f72",
                "shasum": ""
            },
            "require": {
                "php": "^5.4 || ^7"
            },
            "type": "library",
            "autoload": {
                "psr-4": {
                    "Jaypha\\": "src/"
                }
            },
            "notification-url": "https://packagist.org/downloads/",
            "license": [
                "BSL-1.0"
            ],
            "authors": [
                {
                    "name": "Jason den Dulk",
                    "role": "Developer"
                }
            ],
            "description": "Hierarchical components incorporating a PHP based template engine",
            "time": "2017-11-05T02:45:44+00:00"
        }
    ],
    "packages-dev": [],
    "aliases": [],
    "minimum-stability": "stable",
    "stability-flags": [],
    "prefer-stable": false,
    "prefer-lowest": false,
    "platform": {
        "php": "^5.4 || ^7"
    },
    "platform-dev": []
}
